<?xml version="1.0" encoding="utf-8"?>
<Project ToolsVersion="4.0" xmlns="http://schemas.microsoft.com/developer/msbuild/2003">
  <ItemGroup>
    <Filter Include="소스 파일">
      <UniqueIdentifier>{4FC737F1-C7A5-4376-A066-2A32D752A2FF}</UniqueIdentifier>
      <Extensions>cpp;c;cc;cxx;c++;cppm;ixx;def;odl;idl;hpj;bat;asm;asmx</Extensions>
    </Filter>
    <Filter Include="헤더 파일">
      <UniqueIdentifier>{93995380-89BD-4b04-88EB-625FBE52EBFB}</UniqueIdentifier>
      <Extensions>h;hh;hpp;hxx;h++;hm;inl;inc;ipp;xsd</Extensions>
    </Filter>
    <Filter Include="리소스 파일">
      <UniqueIdentifier>{67DA6AB6-F800-4c08-8B7A-83BB121AAD01}</UniqueIdentifier>
      <Extensions>rc;ico;cur;bmp;dlg;rc2;rct;bin;rgs;gif;jpg;jpeg;jpe;resx;tiff;tif;png;wav;mfcribbon-ms</Extensions>
    </Filter>
    <Filter Include="2D">
      <UniqueIdentifier>{59c5e3f3-41c3-4fd3-b2b2-e89845fe8262}</UniqueIdentifier>
    </Filter>
    <Filter Include="2D\Monster">
      <UniqueIdentifier>{db427807-08e4-4704-b45f-a1db4dc1a1fe}</UniqueIdentifier>
    </Filter>
    <Filter Include="2D\Weapon">
      <UniqueIdentifier>{99d91a67-9c1e-4c6a-b2f9-58b89329d919}</UniqueIdentifier>
    </Filter>
    <Filter Include="MainGame">
      <UniqueIdentifier>{c1b5c04f-4591-40ae-bd6f-da0b9ee2a228}</UniqueIdentifier>
    </Filter>
    <Filter Include="MainGame\Object">
      <UniqueIdentifier>{93656be9-ccdd-466e-aa01-95a29205481f}</UniqueIdentifier>
    </Filter>
    <Filter Include="MainGame\Manager">
      <UniqueIdentifier>{cbc9ba6b-e1f4-426c-a4f8-d034880c1fa5}</UniqueIdentifier>
    </Filter>
  </ItemGroup>
  <ItemGroup>
    <ClCompile Include="main.cpp">
      <Filter>소스 파일</Filter>
    </ClCompile>
    <ClCompile Include="KeyManager.cpp">
      <Filter>MainGame\Manager</Filter>
    </ClCompile>
    <ClCompile Include="GameObject.cpp">
      <Filter>MainGame\Object</Filter>
    </ClCompile>
    <ClCompile Include="Weapon.cpp">
      <Filter>MainGame\Object</Filter>
    </ClCompile>
    <ClCompile Include="Monster.cpp">
      <Filter>MainGame\Object</Filter>
    </ClCompile>
    <ClCompile Include="ZombieLupin.cpp">
      <Filter>2D\Monster</Filter>
    </ClCompile>
    <ClCompile Include="Banana.cpp">
      <Filter>2D\Weapon</Filter>
    </ClCompile>
    <ClCompile Include="MainGame.cpp">
      <Filter>MainGame</Filter>
    </ClCompile>
    <ClCompile Include="Image.cpp">
      <Filter>MainGame</Filter>
    </ClCompile>
  </ItemGroup>
  <ItemGroup>
    <ClInclude Include="Singleton.h">
      <Filter>MainGame\Manager</Filter>
    </ClInclude>
    <ClInclude Include="KeyManager.h">
      <Filter>MainGame\Manager</Filter>
    </ClInclude>
    <ClInclude Include="GameObject.h">
      <Filter>MainGame\Object</Filter>
    </ClInclude>
    <ClInclude Include="Config.h">
      <Filter>헤더 파일</Filter>
    </ClInclude>
    <ClInclude Include="Weapon.h">
      <Filter>MainGame\Object</Filter>
    </ClInclude>
    <ClInclude Include="Monster.h">
      <Filter>MainGame\Object</Filter>
    </ClInclude>
    <ClInclude Include="ZombieLupin.h">
      <Filter>2D\Monster</Filter>
    </ClInclude>
    <ClInclude Include="Banana.h">
      <Filter>2D\Weapon</Filter>
    </ClInclude>
    <ClInclude Include="MainGame.h">
      <Filter>MainGame</Filter>
    </ClInclude>
    <ClInclude Include="Image.h">
      <Filter>MainGame</Filter>
    </ClInclude>
  </ItemGroup>
</Project>